
Microsoft Visual Studio Solution File, Format Version 12.00
# Visual Studio 15
VisualStudioVersion = 15.0.27428.2037
MinimumVisualStudioVersion = 10.0.40219.1
Project("{FAE04EC0-301F-11D3-BF4B-00C04F79EFBC}") = "Practice", "Practice\Practice.csproj", "{7BB5C8BE-118D-4C88-ABDE-B8152F0FEAC3}"
EndProject
Global
	GlobalSection(SolutionConfigurationPlatforms) = preSolution
		Debug|Any CPU = Debug|Any CPU
		Release|Any CPU = Release|Any CPU
	EndGlobalSection
	GlobalSection(ProjectConfigurationPlatforms) = postSolution
		{7BB5C8BE-118D-4C88-ABDE-B8152F0FEAC3}.Debug|Any CPU.ActiveCfg = Debug|Any CPU
		{7BB5C8BE-118D-4C88-ABDE-B8152F0FEAC3}.Debug|Any CPU.Build.0 = Debug|Any CPU
		{7BB5C8BE-118D-4C88-ABDE-B8152F0FEAC3}.Release|Any CPU.ActiveCfg = Release|Any CPU
		{7BB5C8BE-118D-4C88-ABDE-B8152F0FEAC3}.Release|Any CPU.Build.0 = Release|Any CPU
	EndGlobalSection
	GlobalSection(SolutionProperties) = preSolution
		HideSolutionNode = FALSE
	EndGlobalSection
	GlobalSection(ExtensibilityGlobals) = postSolution
		SolutionGuid = {757B2977-381E-4315-B958-6B8CAE3411DE}
	EndGlobalSection
EndGlobal
